
Microsoft Visual Studio Solution File, Format Version 12.00
# Visual Studio Version 16
VisualStudioVersion = 16.0.32002.261
MinimumVisualStudioVersion = 10.0.40219.1
Project("{FAE04EC0-301F-11D3-BF4B-00C04F79EFBC}") = "QL_Thue_CD", "QL_Thue_CD\QL_Thue_CD.csproj", "{CEB1DCA4-A447-4C31-A9DC-AB12A1B3ECE7}"
EndProject
Project("{FAE04EC0-301F-11D3-BF4B-00C04F79EFBC}") = "DTO", "DTO\DTO.csproj", "{9745D36D-78D9-42EB-8BF2-3C0918D639E7}"
EndProject
Project("{FAE04EC0-301F-11D3-BF4B-00C04F79EFBC}") = "DAL", "DAL\DAL.csproj", "{3823DDBF-8A75-4A22-8ADF-76F36F3D7421}"
EndProject
Project("{FAE04EC0-301F-11D3-BF4B-00C04F79EFBC}") = "BLL", "BLL\BLL.csproj", "{389119E8-4B00-4BEE-A724-1FB73DCB48C3}"
EndProject
Project("{54435603-DBB4-11D2-8724-00A0C9A8B90C}") = "QuanLyThueCDApp", "..\QuanLyThueCDApp\QuanLyThueCDApp.vdproj", "{6871E1A9-3922-471A-9D90-F40B72B5CC88}"
EndProject
Project("{FAE04EC0-301F-11D3-BF4B-00C04F79EFBC}") = "QLCDTester", "QLCDTester\QLCDTester.csproj", "{D4361F25-F614-478A-803E-D58B9F05C8E2}"
EndProject
Project("{FAE04EC0-301F-11D3-BF4B-00C04F79EFBC}") = "test", "test\test.csproj", "{3D09EF0A-A34F-434F-8D39-17C00050A8E7}"
EndProject
Global
	GlobalSection(SolutionConfigurationPlatforms) = preSolution
		Debug|Any CPU = Debug|Any CPU
		Release|Any CPU = Release|Any CPU
	EndGlobalSection
	GlobalSection(ProjectConfigurationPlatforms) = postSolution
		{CEB1DCA4-A447-4C31-A9DC-AB12A1B3ECE7}.Debug|Any CPU.ActiveCfg = Debug|Any CPU
		{CEB1DCA4-A447-4C31-A9DC-AB12A1B3ECE7}.Debug|Any CPU.Build.0 = Debug|Any CPU
		{CEB1DCA4-A447-4C31-A9DC-AB12A1B3ECE7}.Release|Any CPU.ActiveCfg = Release|Any CPU
		{CEB1DCA4-A447-4C31-A9DC-AB12A1B3ECE7}.Release|Any CPU.Build.0 = Release|Any CPU
		{9745D36D-78D9-42EB-8BF2-3C0918D639E7}.Debug|Any CPU.ActiveCfg = Debug|Any CPU
		{9745D36D-78D9-42EB-8BF2-3C0918D639E7}.Debug|Any CPU.Build.0 = Debug|Any CPU
		{9745D36D-78D9-42EB-8BF2-3C0918D639E7}.Release|Any CPU.ActiveCfg = Release|Any CPU
		{9745D36D-78D9-42EB-8BF2-3C0918D639E7}.Release|Any CPU.Build.0 = Release|Any CPU
		{3823DDBF-8A75-4A22-8ADF-76F36F3D7421}.Debug|Any CPU.ActiveCfg = Debug|Any CPU
		{3823DDBF-8A75-4A22-8ADF-76F36F3D7421}.Debug|Any CPU.Build.0 = Debug|Any CPU
		{3823DDBF-8A75-4A22-8ADF-76F36F3D7421}.Release|Any CPU.ActiveCfg = Release|Any CPU
		{3823DDBF-8A75-4A22-8ADF-76F36F3D7421}.Release|Any CPU.Build.0 = Release|Any CPU
		{389119E8-4B00-4BEE-A724-1FB73DCB48C3}.Debug|Any CPU.ActiveCfg = Debug|Any CPU
		{389119E8-4B00-4BEE-A724-1FB73DCB48C3}.Debug|Any CPU.Build.0 = Debug|Any CPU
		{389119E8-4B00-4BEE-A724-1FB73DCB48C3}.Release|Any CPU.ActiveCfg = Release|Any CPU
		{389119E8-4B00-4BEE-A724-1FB73DCB48C3}.Release|Any CPU.Build.0 = Release|Any CPU
		{6871E1A9-3922-471A-9D90-F40B72B5CC88}.Debug|Any CPU.ActiveCfg = Debug
		{6871E1A9-3922-471A-9D90-F40B72B5CC88}.Release|Any CPU.ActiveCfg = Release
		{D4361F25-F614-478A-803E-D58B9F05C8E2}.Debug|Any CPU.ActiveCfg = Debug|Any CPU
		{D4361F25-F614-478A-803E-D58B9F05C8E2}.Debug|Any CPU.Build.0 = Debug|Any CPU
		{D4361F25-F614-478A-803E-D58B9F05C8E2}.Release|Any CPU.ActiveCfg = Release|Any CPU
		{D4361F25-F614-478A-803E-D58B9F05C8E2}.Release|Any CPU.Build.0 = Release|Any CPU
		{3D09EF0A-A34F-434F-8D39-17C00050A8E7}.Debug|Any CPU.ActiveCfg = Debug|Any CPU
		{3D09EF0A-A34F-434F-8D39-17C00050A8E7}.Debug|Any CPU.Build.0 = Debug|Any CPU
		{3D09EF0A-A34F-434F-8D39-17C00050A8E7}.Release|Any CPU.ActiveCfg = Release|Any CPU
		{3D09EF0A-A34F-434F-8D39-17C00050A8E7}.Release|Any CPU.Build.0 = Release|Any CPU
	EndGlobalSection
	GlobalSection(SolutionProperties) = preSolution
		HideSolutionNode = FALSE
	EndGlobalSection
	GlobalSection(ExtensibilityGlobals) = postSolution
		SolutionGuid = {43B9EA03-D570-4142-8377-E502B1E4B05F}
	EndGlobalSection
EndGlobal
